{
  "name": "findusertest",
  "version": "2.0.0",
  "lockfileVersion": 3,
  "requires": true,
  "packages": {
    "": {
      "name": "findusertest",
      "version": "2.0.0",
      "license": "Apache-2.0",
      "devDependencies": {
        "@types/aws-lambda": "^8.10.92"
      }
    },
    "node_modules/@types/aws-lambda": {
      "version": "8.10.141",
      "resolved": "https://registry.npmjs.org/@types/aws-lambda/-/aws-lambda-8.10.141.tgz",
      "integrity": "sha512-SMWlRBukG9KV8ZNjwemp2AzDibp/czIAeKKTw09nCPbWxVskIxactCJCGOp4y6I1hCMY7T7UGfySvBLXNeUbEw==",
      "dev": true
    }
  }
}
