# THIS IS AN AUTOGENERATED FILE. DO NOT EDIT THIS FILE DIRECTLY.
# yarn lockfile v1


"@types/aws-lambda@^8.10.92":
  version "8.10.141"
  resolved "https://registry.yarnpkg.com/@types/aws-lambda/-/aws-lambda-8.10.141.tgz#f4d2fddf2bda51c4b2885b1abc3d1e9a1d6d2a7a"
  integrity sha512-SMWlRBukG9KV8ZNjwemp2AzDibp/czIAeKKTw09nCPbWxVskIxactCJCGOp4y6I1hCMY7T7UGfySvBLXNeUbEw==
